<Solution>
  <Folder Name="/Solution Items/">
    <File Path=".editorconfig" />
    <File Path=".github/workflows/build.yml" />
    <File Path="Directory.Build.props" />
    <File Path="Directory.Build.targets" />
    <File Path="README.md" />
  </Folder>
  <Project Path="samples/Example.Backends/Example.Backends.csproj" />
  <Project Path="samples/Example.Blazor.Client/Example.Blazor.Client.csproj" />
  <Project Path="samples/Example.Blazor/Example.Blazor.csproj" />
  <Project Path="samples/Example.ConsoleApp.NetCore/Example.ConsoleApp.NetCore.csproj" />
  <Project Path="samples/Example.ConsoleApp.NetFramework/Example.ConsoleApp.NetFramework.csproj" />
  <Project Path="samples/Example.Features/Example.Features.csproj" />
  <Project Path="samples/Example.MinimalApi/Example.MinimalApi.csproj" />
  <Project Path="samples/Example.NativeAot/Example.NativeAot.csproj" />
  <Project Path="samples/Example.SourceGenerator/Example.SourceGenerator.csproj" />
  <Project Path="samples/Example.WebApp/Example.WebApp.csproj" />
  <Project Path="samples/Example.Wpf/Example.Wpf.csproj" />
  <Project Path="src/I18Next.Net.Abstractions/I18Next.Net.Abstractions.csproj" />
  <Project Path="src/I18Next.Net.AspNetCore/I18Next.Net.AspNetCore.csproj" />
  <Project Path="src/I18Next.Net.Blazor/I18Next.Net.Blazor.csproj" />
  <Project Path="src/I18Next.Net.DataAnnotations/I18Next.Net.DataAnnotations.csproj" />
  <Project Path="src/I18Next.Net.EntityFrameworkCore/I18Next.Net.EntityFrameworkCore.csproj" />
  <Project Path="src/I18Next.Net.Extensions/I18Next.Net.Extensions.csproj" />
  <Project Path="src/I18Next.Net.FluentValidation/I18Next.Net.FluentValidation.csproj" />
  <Project Path="src/I18Next.Net.Generators.CodeFixes/I18Next.Net.Generators.CodeFixes.csproj" />
  <Project Path="src/I18Next.Net.Generators/I18Next.Net.Generators.csproj" />
  <Project Path="src/I18Next.Net.Gettext/I18Next.Net.Gettext.csproj" />
  <Project Path="src/I18Next.Net.ICU/I18Next.Net.ICU.csproj" />
  <Project Path="src/I18Next.Net.MachineTranslation/I18Next.Net.MachineTranslation.csproj" />
  <Project Path="src/I18Next.Net.Maui/I18Next.Net.Maui.csproj" />
  <Project Path="src/I18Next.Net.PolyglotJs/I18Next.Net.PolyglotJs.csproj" />
  <Project Path="src/I18Next.Net.Serilog/I18Next.Net.Serilog.csproj" />
  <Project Path="src/I18Next.Net.Tool/I18Next.Net.Tool.csproj" />
  <Project Path="src/I18Next.Net.Wpf/I18Next.Net.Wpf.csproj" />
  <Project Path="src/I18Next.Net.Yaml/I18Next.Net.Yaml.csproj" />
  <Project Path="src/I18Next.Net/I18Next.Net.csproj" />
  <Project Path="tests/I18Next.Net.AspNetCore.Tests/I18Next.Net.AspNetCore.Tests.csproj" />
  <Project Path="tests/I18Next.Net.Benchmarks/I18Next.Net.Benchmarks.csproj" />
  <Project Path="tests/I18Next.Net.Blazor.Tests/I18Next.Net.Blazor.Tests.csproj" />
  <Project Path="tests/I18Next.Net.DataAnnotations.Tests/I18Next.Net.DataAnnotations.Tests.csproj" />
  <Project Path="tests/I18Next.Net.EntityFrameworkCore.Tests/I18Next.Net.EntityFrameworkCore.Tests.csproj" />
  <Project Path="tests/I18Next.Net.FluentValidation.Tests/I18Next.Net.FluentValidation.Tests.csproj" />
  <Project Path="tests/I18Next.Net.Generators.Tests/I18Next.Net.Generators.Tests.csproj" />
  <Project Path="tests/I18Next.Net.MachineTranslation.Tests/I18Next.Net.MachineTranslation.Tests.csproj" />
  <Project Path="tests/I18Next.Net.Maui.Tests/I18Next.Net.Maui.Tests.csproj" />
  <Project Path="tests/I18Next.Net.Tests/I18Next.Net.Tests.csproj" />
  <Project Path="tests/I18Next.Net.Tool.Tests/I18Next.Net.Tool.Tests.csproj" />
  <Project Path="tests/I18Next.Net.Wpf.Tests/I18Next.Net.Wpf.Tests.csproj" />
  <Project Path="tests/I18Next.Net.Xaml.Tests/I18Next.Net.Xaml.Tests.csproj" />
</Solution>
