
Microsoft Visual Studio Solution File, Format Version 12.00
Project("{FAE04EC0-301F-11D3-BF4B-00C04F79EFBC}") = "I18Next.Net", "src\I18Next.Net\I18Next.Net.csproj", "{71F47BEC-C9FB-4393-AA78-8D7AD2D51863}"
EndProject
Project("{FAE04EC0-301F-11D3-BF4B-00C04F79EFBC}") = "I18Next.Net.Extensions", "src\I18Next.Net.Extensions\I18Next.Net.Extensions.csproj", "{96A82CDF-B1FF-41D8-976E-52ECF9CFD82A}"
EndProject
Project("{FAE04EC0-301F-11D3-BF4B-00C04F79EFBC}") = "I18Next.Net.ICU", "src\I18Next.Net.ICU\I18Next.Net.ICU.csproj", "{D79824CC-B177-4BD7-9B06-C780AA573B8F}"
EndProject
Project("{FAE04EC0-301F-11D3-BF4B-00C04F79EFBC}") = "I18Next.Net.PolyglotJs", "src\I18Next.Net.PolyglotJs\I18Next.Net.PolyglotJs.csproj", "{0A39C392-2FB2-4D24-9A82-919F5C626A68}"
EndProject
Project("{FAE04EC0-301F-11D3-BF4B-00C04F79EFBC}") = "I18Next.Net.Tests", "tests\I18Next.Net.Tests\I18Next.Net.Tests.csproj", "{8041F656-7FAD-48A8-91C5-1D7239984CB5}"
EndProject
Project("{FAE04EC0-301F-11D3-BF4B-00C04F79EFBC}") = "I18Next.Net.AspNetCore", "src\I18Next.Net.AspNetCore\I18Next.Net.AspNetCore.csproj", "{AC1CFDD9-1DBC-4E21-A1CF-F9C154BBF177}"
EndProject
Project("{FAE04EC0-301F-11D3-BF4B-00C04F79EFBC}") = "Example.WebApp", "samples\Example.WebApp\Example.WebApp.csproj", "{7A9BDD90-BC7A-4B7D-A3F0-42A83D04E6C3}"
EndProject
Project("{FAE04EC0-301F-11D3-BF4B-00C04F79EFBC}") = "I18Next.Net.Abstractions", "src\I18Next.Net.Abstractions\I18Next.Net.Abstractions.csproj", "{42AB2562-8DA6-41E1-ABD5-152DDD622E6D}"
EndProject
Project("{FAE04EC0-301F-11D3-BF4B-00C04F79EFBC}") = "Example.ConsoleApp.NetCore", "samples\Example.ConsoleApp.NetCore\Example.ConsoleApp.NetCore.csproj", "{4F2A9939-3351-465F-9E4C-12616F64A0CD}"
EndProject
Project("{FAE04EC0-301F-11D3-BF4B-00C04F79EFBC}") = "Example.ConsoleApp.NetFramework", "samples\Example.ConsoleApp.NetFramework\Example.ConsoleApp.NetFramework.csproj", "{15DAA359-C831-4260-9F6F-6255B7A45110}"
EndProject
Project("{FAE04EC0-301F-11D3-BF4B-00C04F79EFBC}") = "I18Next.Net.Serilog", "src\I18Next.Net.Serilog\I18Next.Net.Serilog.csproj", "{3972D474-9549-450D-855A-8E75C4C01D6B}"
EndProject
Project("{FAE04EC0-301F-11D3-BF4B-00C04F79EFBC}") = "I18Next.Net.Gettext", "src\I18Next.Net.Gettext\I18Next.Net.Gettext.csproj", "{F5690CC5-1E6E-4327-987D-211BC54AE9AF}"
EndProject
Project("{FAE04EC0-301F-11D3-BF4B-00C04F79EFBC}") = "I18Next.Net.Benchmarks", "tests\I18Next.Net.Benchmarks\I18Next.Net.Benchmarks.csproj", "{28A8E334-B484-47BF-A46F-0142830C9951}"
EndProject
Project("{2150E333-8FDC-42A3-9474-1A3956D46DE8}") = "Solution Items", "Solution Items", "{9CBEA95C-D051-4203-9EAD-DE45EC10A79E}"
	ProjectSection(SolutionItems) = preProject
		Directory.Build.props = Directory.Build.props
	EndProjectSection
EndProject
Global
	GlobalSection(SolutionConfigurationPlatforms) = preSolution
		Debug|Any CPU = Debug|Any CPU
		Release|Any CPU = Release|Any CPU
	EndGlobalSection
	GlobalSection(ProjectConfigurationPlatforms) = postSolution
		{71F47BEC-C9FB-4393-AA78-8D7AD2D51863}.Debug|Any CPU.ActiveCfg = Debug|Any CPU
		{71F47BEC-C9FB-4393-AA78-8D7AD2D51863}.Debug|Any CPU.Build.0 = Debug|Any CPU
		{71F47BEC-C9FB-4393-AA78-8D7AD2D51863}.Release|Any CPU.ActiveCfg = Release|Any CPU
		{71F47BEC-C9FB-4393-AA78-8D7AD2D51863}.Release|Any CPU.Build.0 = Release|Any CPU
		{96A82CDF-B1FF-41D8-976E-52ECF9CFD82A}.Debug|Any CPU.ActiveCfg = Debug|Any CPU
		{96A82CDF-B1FF-41D8-976E-52ECF9CFD82A}.Debug|Any CPU.Build.0 = Debug|Any CPU
		{96A82CDF-B1FF-41D8-976E-52ECF9CFD82A}.Release|Any CPU.ActiveCfg = Release|Any CPU
		{96A82CDF-B1FF-41D8-976E-52ECF9CFD82A}.Release|Any CPU.Build.0 = Release|Any CPU
		{D79824CC-B177-4BD7-9B06-C780AA573B8F}.Debug|Any CPU.ActiveCfg = Debug|Any CPU
		{D79824CC-B177-4BD7-9B06-C780AA573B8F}.Debug|Any CPU.Build.0 = Debug|Any CPU
		{D79824CC-B177-4BD7-9B06-C780AA573B8F}.Release|Any CPU.ActiveCfg = Release|Any CPU
		{D79824CC-B177-4BD7-9B06-C780AA573B8F}.Release|Any CPU.Build.0 = Release|Any CPU
		{0A39C392-2FB2-4D24-9A82-919F5C626A68}.Debug|Any CPU.ActiveCfg = Debug|Any CPU
		{0A39C392-2FB2-4D24-9A82-919F5C626A68}.Debug|Any CPU.Build.0 = Debug|Any CPU
		{0A39C392-2FB2-4D24-9A82-919F5C626A68}.Release|Any CPU.ActiveCfg = Release|Any CPU
		{0A39C392-2FB2-4D24-9A82-919F5C626A68}.Release|Any CPU.Build.0 = Release|Any CPU
		{8041F656-7FAD-48A8-91C5-1D7239984CB5}.Debug|Any CPU.ActiveCfg = Debug|Any CPU
		{8041F656-7FAD-48A8-91C5-1D7239984CB5}.Debug|Any CPU.Build.0 = Debug|Any CPU
		{8041F656-7FAD-48A8-91C5-1D7239984CB5}.Release|Any CPU.ActiveCfg = Release|Any CPU
		{8041F656-7FAD-48A8-91C5-1D7239984CB5}.Release|Any CPU.Build.0 = Release|Any CPU
		{AC1CFDD9-1DBC-4E21-A1CF-F9C154BBF177}.Debug|Any CPU.ActiveCfg = Debug|Any CPU
		{AC1CFDD9-1DBC-4E21-A1CF-F9C154BBF177}.Debug|Any CPU.Build.0 = Debug|Any CPU
		{AC1CFDD9-1DBC-4E21-A1CF-F9C154BBF177}.Release|Any CPU.ActiveCfg = Release|Any CPU
		{AC1CFDD9-1DBC-4E21-A1CF-F9C154BBF177}.Release|Any CPU.Build.0 = Release|Any CPU
		{7A9BDD90-BC7A-4B7D-A3F0-42A83D04E6C3}.Debug|Any CPU.ActiveCfg = Debug|Any CPU
		{7A9BDD90-BC7A-4B7D-A3F0-42A83D04E6C3}.Debug|Any CPU.Build.0 = Debug|Any CPU
		{7A9BDD90-BC7A-4B7D-A3F0-42A83D04E6C3}.Release|Any CPU.ActiveCfg = Release|Any CPU
		{7A9BDD90-BC7A-4B7D-A3F0-42A83D04E6C3}.Release|Any CPU.Build.0 = Release|Any CPU
		{42AB2562-8DA6-41E1-ABD5-152DDD622E6D}.Debug|Any CPU.ActiveCfg = Debug|Any CPU
		{42AB2562-8DA6-41E1-ABD5-152DDD622E6D}.Debug|Any CPU.Build.0 = Debug|Any CPU
		{42AB2562-8DA6-41E1-ABD5-152DDD622E6D}.Release|Any CPU.ActiveCfg = Release|Any CPU
		{42AB2562-8DA6-41E1-ABD5-152DDD622E6D}.Release|Any CPU.Build.0 = Release|Any CPU
		{4F2A9939-3351-465F-9E4C-12616F64A0CD}.Debug|Any CPU.ActiveCfg = Debug|Any CPU
		{4F2A9939-3351-465F-9E4C-12616F64A0CD}.Debug|Any CPU.Build.0 = Debug|Any CPU
		{4F2A9939-3351-465F-9E4C-12616F64A0CD}.Release|Any CPU.ActiveCfg = Release|Any CPU
		{4F2A9939-3351-465F-9E4C-12616F64A0CD}.Release|Any CPU.Build.0 = Release|Any CPU
		{15DAA359-C831-4260-9F6F-6255B7A45110}.Debug|Any CPU.ActiveCfg = Debug|Any CPU
		{15DAA359-C831-4260-9F6F-6255B7A45110}.Debug|Any CPU.Build.0 = Debug|Any CPU
		{15DAA359-C831-4260-9F6F-6255B7A45110}.Release|Any CPU.ActiveCfg = Release|Any CPU
		{15DAA359-C831-4260-9F6F-6255B7A45110}.Release|Any CPU.Build.0 = Release|Any CPU
		{3972D474-9549-450D-855A-8E75C4C01D6B}.Debug|Any CPU.ActiveCfg = Debug|Any CPU
		{3972D474-9549-450D-855A-8E75C4C01D6B}.Debug|Any CPU.Build.0 = Debug|Any CPU
		{3972D474-9549-450D-855A-8E75C4C01D6B}.Release|Any CPU.ActiveCfg = Release|Any CPU
		{3972D474-9549-450D-855A-8E75C4C01D6B}.Release|Any CPU.Build.0 = Release|Any CPU
		{F5690CC5-1E6E-4327-987D-211BC54AE9AF}.Debug|Any CPU.ActiveCfg = Debug|Any CPU
		{F5690CC5-1E6E-4327-987D-211BC54AE9AF}.Debug|Any CPU.Build.0 = Debug|Any CPU
		{F5690CC5-1E6E-4327-987D-211BC54AE9AF}.Release|Any CPU.ActiveCfg = Release|Any CPU
		{F5690CC5-1E6E-4327-987D-211BC54AE9AF}.Release|Any CPU.Build.0 = Release|Any CPU
		{28A8E334-B484-47BF-A46F-0142830C9951}.Debug|Any CPU.ActiveCfg = Debug|Any CPU
		{28A8E334-B484-47BF-A46F-0142830C9951}.Debug|Any CPU.Build.0 = Debug|Any CPU
		{28A8E334-B484-47BF-A46F-0142830C9951}.Release|Any CPU.ActiveCfg = Release|Any CPU
		{28A8E334-B484-47BF-A46F-0142830C9951}.Release|Any CPU.Build.0 = Release|Any CPU
	EndGlobalSection
EndGlobal
